
Microsoft Visual Studio Solution File, Format Version 12.00
# Visual Studio Version 17
VisualStudioVersion = 17.0.31717.71
MinimumVisualStudioVersion = 10.0.40219.1
Project("{FAE04EC0-301F-11D3-BF4B-00C04F79EFBC}") = "Parcelamento", "Parcelamento\Parcelamento.csproj", "{61515BAC-B0BF-4AA8-B34D-CBC9FACCB70D}"
EndProject
Project("{FAE04EC0-301F-11D3-BF4B-00C04F79EFBC}") = "ParcelamentoTests", "ParcelamentoTests\ParcelamentoTests.csproj", "{F90BAC5A-7A7F-43CE-97B3-4AF4D1A6E37D}"
EndProject
Project("{2150E333-8FDC-42A3-9474-1A3956D46DE8}") = "src", "src", "{F2E81647-994F-40F0-AA14-CDF0238A3150}"
EndProject
Project("{2150E333-8FDC-42A3-9474-1A3956D46DE8}") = "Test", "Test", "{95DE19B1-BF4D-4DB3-BD6D-E348D78C1CD9}"
EndProject
Global
	GlobalSection(SolutionConfigurationPlatforms) = preSolution
		Debug|Any CPU = Debug|Any CPU
		Release|Any CPU = Release|Any CPU
	EndGlobalSection
	GlobalSection(ProjectConfigurationPlatforms) = postSolution
		{61515BAC-B0BF-4AA8-B34D-CBC9FACCB70D}.Debug|Any CPU.ActiveCfg = Debug|Any CPU
		{61515BAC-B0BF-4AA8-B34D-CBC9FACCB70D}.Debug|Any CPU.Build.0 = Debug|Any CPU
		{61515BAC-B0BF-4AA8-B34D-CBC9FACCB70D}.Release|Any CPU.ActiveCfg = Release|Any CPU
		{61515BAC-B0BF-4AA8-B34D-CBC9FACCB70D}.Release|Any CPU.Build.0 = Release|Any CPU
		{F90BAC5A-7A7F-43CE-97B3-4AF4D1A6E37D}.Debug|Any CPU.ActiveCfg = Debug|Any CPU
		{F90BAC5A-7A7F-43CE-97B3-4AF4D1A6E37D}.Debug|Any CPU.Build.0 = Debug|Any CPU
		{F90BAC5A-7A7F-43CE-97B3-4AF4D1A6E37D}.Release|Any CPU.ActiveCfg = Release|Any CPU
		{F90BAC5A-7A7F-43CE-97B3-4AF4D1A6E37D}.Release|Any CPU.Build.0 = Release|Any CPU
	EndGlobalSection
	GlobalSection(SolutionProperties) = preSolution
		HideSolutionNode = FALSE
	EndGlobalSection
	GlobalSection(NestedProjects) = preSolution
		{61515BAC-B0BF-4AA8-B34D-CBC9FACCB70D} = {F2E81647-994F-40F0-AA14-CDF0238A3150}
		{F90BAC5A-7A7F-43CE-97B3-4AF4D1A6E37D} = {95DE19B1-BF4D-4DB3-BD6D-E348D78C1CD9}
	EndGlobalSection
	GlobalSection(ExtensibilityGlobals) = postSolution
		SolutionGuid = {4055BB56-4865-491B-ABD3-E22697110AC8}
	EndGlobalSection
EndGlobal
